// !$*UTF8*$!
{
	archiveVersion = 1;
	classes = {
	};
	objectVersion = 46;
	objects = {

/* Begin PBXBuildFile section */
		4A599A4A1C7528090028EBB3 /* AppDelegate.swift in Sources */ = {isa = PBXBuildFile; fileRef = 4A599A491C7528090028EBB3 /* AppDelegate.swift */; };
		4A599A4C1C7528090028EBB3 /* FirstViewController.swift in Sources */ = {isa = PBXBuildFile; fileRef = 4A599A4B1C7528090028EBB3 /* FirstViewController.swift */; };
		4A599A4E1C7528090028EBB3 /* SecondViewController.swift in Sources */ = {isa = PBXBuildFile; fileRef = 4A599A4D1C7528090028EBB3 /* SecondViewController.swift */; };
		4A599A511C7528090028EBB3 /* Main.storyboard in Resources */ = {isa = PBXBuildFile; fileRef = 4A599A4F1C7528090028EBB3 /* Main.storyboard */; };
		4A599A531C7528090028EBB3 /* Assets.xcassets in Resources */ = {isa = PBXBuildFile; fileRef = 4A599A521C7528090028EBB3 /* Assets.xcassets */; };
		4A599A561C7528090028EBB3 /* LaunchScreen.storyboard in Resources */ = {isa = PBXBuildFile; fileRef = 4A599A541C7528090028EBB3 /* LaunchScreen.storyboard */; };
		4A599A611C7528090028EBB3 /* First_MateTests.swift in Sources */ = {isa = PBXBuildFile; fileRef = 4A599A601C7528090028EBB3 /* First_MateTests.swift */; };
		4A599A6C1C7528090028EBB3 /* First_MateUITests.swift in Sources */ = {isa = PBXBuildFile; fileRef = 4A599A6B1C7528090028EBB3 /* First_MateUITests.swift */; };
/* End PBXBuildFile section */

/* Begin PBXContainerItemProxy section */
		4A599A5D1C7528090028EBB3 /* PBXContainerItemProxy */ = {
			isa = PBXContainerItemProxy;
			containerPortal = 4A599A3E1C7528080028EBB3 /* Project object */;
			proxyType = 1;
			remoteGlobalIDString = 4A599A451C7528080028EBB3;
			remoteInfo = First_Mate;
		};
		4A599A681C7528090028EBB3 /* PBXContainerItemProxy */ = {
			isa = PBXContainerItemProxy;
			containerPortal = 4A599A3E1C7528080028EBB3 /* Project object */;
			proxyType = 1;
			remoteGlobalIDString = 4A599A451C7528080028EBB3;
			remoteInfo = First_Mate;
		};
/* End PBXContainerItemProxy section */

/* Begin PBXFileReference section */
		4A599A461C7528090028EBB3 /* First_Mate.app */ = {isa = PBXFileReference; explicitFileType = wrapper.application; includeInIndex = 0; path = First_Mate.app; sourceTree = BUILT_PRODUCTS_DIR; };
		4A599A491C7528090028EBB3 /* AppDelegate.swift */ = {isa = PBXFileReference; lastKnownFileType = sourcecode.swift; path = AppDelegate.swift; sourceTree = "<group>"; };
		4A599A4B1C7528090028EBB3 /* FirstViewController.swift */ = {isa = PBXFileReference; lastKnownFileType = sourcecode.swift; path = FirstViewController.swift; sourceTree = "<group>"; };
		4A599A4D1C7528090028EBB3 /* SecondViewController.swift */ = {isa = PBXFileReference; lastKnownFileType = sourcecode.swift; path = SecondViewController.swift; sourceTree = "<group>"; };
		4A599A501C7528090028EBB3 /* Base */ = {isa = PBXFileReference; lastKnownFileType = file.storyboard; name = Base; path = Base.lproj/Main.storyboard; sourceTree = "<group>"; };
		4A599A521C7528090028EBB3 /* Assets.xcassets */ = {isa = PBXFileReference; lastKnownFileType = folder.assetcatalog; path = Assets.xcassets; sourceTree = "<group>"; };
		4A599A551C7528090028EBB3 /* Base */ = {isa = PBXFileReference; lastKnownFileType = file.storyboard; name = Base; path = Base.lproj/LaunchScreen.storyboard; sourceTree = "<group>"; };
		4A599A571C7528090028EBB3 /* Info.plist */ = {isa = PBXFileReference; lastKnownFileType = text.plist.xml; path = Info.plist; sourceTree = "<group>"; };
		4A599A5C1C7528090028EBB3 /* First_MateTests.xctest */ = {isa = PBXFileReference; explicitFileType = wrapper.cfbundle; includeInIndex = 0; path = First_MateTests.xctest; sourceTree = BUILT_PRODUCTS_DIR; };
		4A599A601C7528090028EBB3 /* First_MateTests.swift */ = {isa = PBXFileReference; lastKnownFileType = sourcecode.swift; path = First_MateTests.swift; sourceTree = "<group>"; };
		4A599A621C7528090028EBB3 /* Info.plist */ = {isa = PBXFileReference; lastKnownFileType = text.plist.xml; path = Info.plist; sourceTree = "<group>"; };
		4A599A671C7528090028EBB3 /* First_MateUITests.xctest */ = {isa = PBXFileReference; explicitFileType = wrapper.cfbundle; includeInIndex = 0; path = First_MateUITests.xctest; sourceTree = BUILT_PRODUCTS_DIR; };
		4A599A6B1C7528090028EBB3 /* First_MateUITests.swift */ = {isa = PBXFileReference; lastKnownFileType = sourcecode.swift; path = First_MateUITests.swift; sourceTree = "<group>"; };
		4A599A6D1C7528090028EBB3 /* Info.plist */ = {isa = PBXFileReference; lastKnownFileType = text.plist.xml; path = Info.plist; sourceTree = "<group>"; };
/* End PBXFileReference section */

/* Begin PBXFrameworksBuildPhase section */
		4A599A431C7528080028EBB3 /* Frameworks */ = {
			isa = PBXFrameworksBuildPhase;
			buildActionMask = 2147483647;
			files = (
			);
			runOnlyForDeploymentPostprocessing = 0;
		};
		4A599A591C7528090028EBB3 /* Frameworks */ = {
			isa = PBXFrameworksBuildPhase;
			buildActionMask = 2147483647;
			files = (
			);
			runOnlyForDeploymentPostprocessing = 0;
		};
		4A599A641C7528090028EBB3 /* Frameworks */ = {
			isa = PBXFrameworksBuildPhase;
			buildActionMask = 2147483647;
			files = (
			);
			runOnlyForDeploymentPostprocessing = 0;
		};
/* End PBXFrameworksBuildPhase section */

/* Begin PBXGroup section */
		4A599A3D1C7528080028EBB3 = {
			isa = PBXGroup;
			children = (
				4A599A481C7528090028EBB3 /* First_Mate */,
				4A599A5F1C7528090028EBB3 /* First_MateTests */,
				4A599A6A1C7528090028EBB3 /* First_MateUITests */,
				4A599A471C7528090028EBB3 /* Products */,
			);
			sourceTree = "<group>";
		};
		4A599A471C7528090028EBB3 /* Products */ = {
			isa = PBXGroup;
			children = (
				4A599A461C7528090028EBB3 /* First_Mate.app */,
				4A599A5C1C7528090028EBB3 /* First_MateTests.xctest */,
				4A599A671C7528090028EBB3 /* First_MateUITests.xctest */,
			);
			name = Products;
			sourceTree = "<group>";
		};
		4A599A481C7528090028EBB3 /* First_Mate */ = {
			isa = PBXGroup;
			children = (
				4A599A491C7528090028EBB3 /* AppDelegate.swift */,
				4A599A4B1C7528090028EBB3 /* FirstViewController.swift */,
				4A599A4D1C7528090028EBB3 /* SecondViewController.swift */,
				4A599A4F1C7528090028EBB3 /* Main.storyboard */,
				4A599A521C7528090028EBB3 /* Assets.xcassets */,
				4A599A541C7528090028EBB3 /* LaunchScreen.storyboard */,
				4A599A571C7528090028EBB3 /* Info.plist */,
			);
			path = First_Mate;
			sourceTree = "<group>";
		};
		4A599A5F1C7528090028EBB3 /* First_MateTests */ = {
			isa = PBXGroup;
			children = (
				4A599A601C7528090028EBB3 /* First_MateTests.swift */,
				4A599A621C7528090028EBB3 /* Info.plist */,
			);
			path = First_MateTests;
			sourceTree = "<group>";
		};
		4A599A6A1C7528090028EBB3 /* First_MateUITests */ = {
			isa = PBXGroup;
			children = (
				4A599A6B1C7528090028EBB3 /* First_MateUITests.swift */,
				4A599A6D1C7528090028EBB3 /* Info.plist */,
			);
			path = First_MateUITests;
			sourceTree = "<group>";
		};
/* End PBXGroup section */

/* Begin PBXNativeTarget section */
		4A599A451C7528080028EBB3 /* First_Mate */ = {
			isa = PBXNativeTarget;
			buildConfigurationList = 4A599A701C7528090028EBB3 /* Build configuration list for PBXNativeTarget "First_Mate" */;
			buildPhases = (
				4A599A421C7528080028EBB3 /* Sources */,
				4A599A431C7528080028EBB3 /* Frameworks */,
				4A599A441C7528080028EBB3 /* Resources */,
			);
			buildRules = (
			);
			dependencies = (
			);
			name = First_Mate;
			productName = First_Mate;
			productReference = 4A599A461C7528090028EBB3 /* First_Mate.app */;
			productType = "com.apple.product-type.application";
		};
		4A599A5B1C7528090028EBB3 /* First_MateTests */ = {
			isa = PBXNativeTarget;
			buildConfigurationList = 4A599A731C7528090028EBB3 /* Build configuration list for PBXNativeTarget "First_MateTests" */;
			buildPhases = (
				4A599A581C7528090028EBB3 /* Sources */,
				4A599A591C7528090028EBB3 /* Frameworks */,
				4A599A5A1C7528090028EBB3 /* Resources */,
			);
			buildRules = (
			);
			dependencies = (
				4A599A5E1C7528090028EBB3 /* PBXTargetDependency */,
			);
			name = First_MateTests;
			productName = First_MateTests;
			productReference = 4A599A5C1C7528090028EBB3 /* First_MateTests.xctest */;
			productType = "com.apple.product-type.bundle.unit-test";
		};
		4A599A661C7528090028EBB3 /* First_MateUITests */ = {
			isa = PBXNativeTarget;
			buildConfigurationList = 4A599A761C7528090028EBB3 /* Build configuration list for PBXNativeTarget "First_MateUITests" */;
			buildPhases = (
				4A599A631C7528090028EBB3 /* Sources */,
				4A599A641C7528090028EBB3 /* Frameworks */,
				4A599A651C7528090028EBB3 /* Resources */,
			);
			buildRules = (
			);
			dependencies = (
				4A599A691C7528090028EBB3 /* PBXTargetDependency */,
			);
			name = First_MateUITests;
			productName = First_MateUITests;
			productReference = 4A599A671C7528090028EBB3 /* First_MateUITests.xctest */;
			productType = "com.apple.product-type.bundle.ui-testing";
		};
/* End PBXNativeTarget section */

/* Begin PBXProject section */
		4A599A3E1C7528080028EBB3 /* Project object */ = {
			isa = PBXProject;
			attributes = {
				LastSwiftUpdateCheck = 0720;
				LastUpgradeCheck = 0720;
				ORGANIZATIONNAME = TZHSCompSciClub;
				TargetAttributes = {
					4A599A451C7528080028EBB3 = {
						CreatedOnToolsVersion = 7.2;
						DevelopmentTeam = BTHJJWCRVM;
					};
					4A599A5B1C7528090028EBB3 = {
						CreatedOnToolsVersion = 7.2;
						DevelopmentTeam = BTHJJWCRVM;
						TestTargetID = 4A599A451C7528080028EBB3;
					};
					4A599A661C7528090028EBB3 = {
						CreatedOnToolsVersion = 7.2;
						DevelopmentTeam = BTHJJWCRVM;
						TestTargetID = 4A599A451C7528080028EBB3;
					};
				};
			};
			buildConfigurationList = 4A599A411C7528080028EBB3 /* Build configuration list for PBXProject "First_Mate" */;
			compatibilityVersion = "Xcode 3.2";
			developmentRegion = English;
			hasScannedForEncodings = 0;
			knownRegions = (
				en,
				Base,
			);
			mainGroup = 4A599A3D1C7528080028EBB3;
			productRefGroup = 4A599A471C7528090028EBB3 /* Products */;
			projectDirPath = "";
			projectRoot = "";
			targets = (
				4A599A451C7528080028EBB3 /* First_Mate */,
				4A599A5B1C7528090028EBB3 /* First_MateTests */,
				4A599A661C7528090028EBB3 /* First_MateUITests */,
			);
		};
/* End PBXProject section */

/* Begin PBXResourcesBuildPhase section */
		4A599A441C7528080028EBB3 /* Resources */ = {
			isa = PBXResourcesBuildPhase;
			buildActionMask = 2147483647;
			files = (
				4A599A561C7528090028EBB3 /* LaunchScreen.storyboard in Resources */,
				4A599A531C7528090028EBB3 /* Assets.xcassets in Resources */,
				4A599A511C7528090028EBB3 /* Main.storyboard in Resources */,
			);
			runOnlyForDeploymentPostprocessing = 0;
		};
		4A599A5A1C7528090028EBB3 /* Resources */ = {
			isa = PBXResourcesBuildPhase;
			buildActionMask = 2147483647;
			files = (
			);
			runOnlyForDeploymentPostprocessing = 0;
		};
		4A599A651C7528090028EBB3 /* Resources */ = {
			isa = PBXResourcesBuildPhase;
			buildActionMask = 2147483647;
			files = (
			);
			runOnlyForDeploymentPostprocessing = 0;
		};
/* End PBXResourcesBuildPhase section */

/* Begin PBXSourcesBuildPhase section */
		4A599A421C7528080028EBB3 /* Sources */ = {
			isa = PBXSourcesBuildPhase;
			buildActionMask = 2147483647;
			files = (
				4A599A4E1C7528090028EBB3 /* SecondViewController.swift in Sources */,
				4A599A4A1C7528090028EBB3 /* AppDelegate.swift in Sources */,
				4A599A4C1C7528090028EBB3 /* FirstViewController.swift in Sources */,
			);
			runOnlyForDeploymentPostprocessing = 0;
		};
		4A599A581C7528090028EBB3 /* Sources */ = {
			isa = PBXSourcesBuildPhase;
			buildActionMask = 2147483647;
			files = (
				4A599A611C7528090028EBB3 /* First_MateTests.swift in Sources */,
			);
			runOnlyForDeploymentPostprocessing = 0;
		};
		4A599A631C7528090028EBB3 /* Sources */ = {
			isa = PBXSourcesBuildPhase;
			buildActionMask = 2147483647;
			files = (
				4A599A6C1C7528090028EBB3 /* First_MateUITests.swift in Sources */,
			);
			runOnlyForDeploymentPostprocessing = 0;
		};
/* End PBXSourcesBuildPhase section */

/* Begin PBXTargetDependency section */
		4A599A5E1C7528090028EBB3 /* PBXTargetDependency */ = {
			isa = PBXTargetDependency;
			target = 4A599A451C7528080028EBB3 /* First_Mate */;
			targetProxy = 4A599A5D1C7528090028EBB3 /* PBXContainerItemProxy */;
		};
		4A599A691C7528090028EBB3 /* PBXTargetDependency */ = {
			isa = PBXTargetDependency;
			target = 4A599A451C7528080028EBB3 /* First_Mate */;
			targetProxy = 4A599A681C7528090028EBB3 /* PBXContainerItemProxy */;
		};
/* End PBXTargetDependency section */

/* Begin PBXVariantGroup section */
		4A599A4F1C7528090028EBB3 /* Main.storyboard */ = {
			isa = PBXVariantGroup;
			children = (
				4A599A501C7528090028EBB3 /* Base */,
			);
			name = Main.storyboard;
			sourceTree = "<group>";
		};
		4A599A541C7528090028EBB3 /* LaunchScreen.storyboard */ = {
			isa = PBXVariantGroup;
			children = (
				4A599A551C7528090028EBB3 /* Base */,
			);
			name = LaunchScreen.storyboard;
			sourceTree = "<group>";
		};
/* End PBXVariantGroup section */

/* Begin XCBuildConfiguration section */
		4A599A6E1C7528090028EBB3 /* Debug */ = {
			isa = XCBuildConfiguration;
			buildSettings = {
				ALWAYS_SEARCH_USER_PATHS = NO;
				CLANG_CXX_LANGUAGE_STANDARD = "gnu++0x";
				CLANG_CXX_LIBRARY = "libc++";
				CLANG_ENABLE_MODULES = YES;
				CLANG_ENABLE_OBJC_ARC = YES;
				CLANG_WARN_BOOL_CONVERSION = YES;
				CLANG_WARN_CONSTANT_CONVERSION = YES;
				CLANG_WARN_DIRECT_OBJC_ISA_USAGE = YES_ERROR;
				CLANG_WARN_EMPTY_BODY = YES;
				CLANG_WARN_ENUM_CONVERSION = YES;
				CLANG_WARN_INT_CONVERSION = YES;
				CLANG_WARN_OBJC_ROOT_CLASS = YES_ERROR;
				CLANG_WARN_UNREACHABLE_CODE = YES;
				CLANG_WARN__DUPLICATE_METHOD_MATCH = YES;
				"CODE_SIGN_IDENTITY[sdk=iphoneos*]" = "iPhone Developer";
				COPY_PHASE_STRIP = NO;
				DEBUG_INFORMATION_FORMAT = dwarf;
				ENABLE_STRICT_OBJC_MSGSEND = YES;
				ENABLE_TESTABILITY = YES;
				GCC_C_LANGUAGE_STANDARD = gnu99;
				GCC_DYNAMIC_NO_PIC = NO;
				GCC_NO_COMMON_BLOCKS = YES;
				GCC_OPTIMIZATION_LEVEL = 0;
				GCC_PREPROCESSOR_DEFINITIONS = (
					"DEBUG=1",
					"$(inherited)",
				);
				GCC_WARN_64_TO_32_BIT_CONVERSION = YES;
				GCC_WARN_ABOUT_RETURN_TYPE = YES_ERROR;
				GCC_WARN_UNDECLARED_SELECTOR = YES;
				GCC_WARN_UNINITIALIZED_AUTOS = YES_AGGRESSIVE;
				GCC_WARN_UNUSED_FUNCTION = YES;
				GCC_WARN_UNUSED_VARIABLE = YES;
				IPHONEOS_DEPLOYMENT_TARGET = 9.2;
				MTL_ENABLE_DEBUG_INFO = YES;
				ONLY_ACTIVE_ARCH = YES;
				SDKROOT = iphoneos;
				SWIFT_OPTIMIZATION_LEVEL = "-Onone";
			};
			name = Debug;
		};
		4A599A6F1C7528090028EBB3 /* Release */ = {
			isa = XCBuildConfiguration;
			buildSettings = {
				ALWAYS_SEARCH_USER_PATHS = NO;
				CLANG_CXX_LANGUAGE_STANDARD = "gnu++0x";
				CLANG_CXX_LIBRARY = "libc++";
				CLANG_ENABLE_MODULES = YES;
				CLANG_ENABLE_OBJC_ARC = YES;
				CLANG_WARN_BOOL_CONVERSION = YES;
				CLANG_WARN_CONSTANT_CONVERSION = YES;
				CLANG_WARN_DIRECT_OBJC_ISA_USAGE = YES_ERROR;
				CLANG_WARN_EMPTY_BODY = YES;
				CLANG_WARN_ENUM_CONVERSION = YES;
				CLANG_WARN_INT_CONVERSION = YES;
				CLANG_WARN_OBJC_ROOT_CLASS = YES_ERROR;
				CLANG_WARN_UNREACHABLE_CODE = YES;
				CLANG_WARN__DUPLICATE_METHOD_MATCH = YES;
				"CODE_SIGN_IDENTITY[sdk=iphoneos*]" = "iPhone Developer";
				COPY_PHASE_STRIP = NO;
				DEBUG_INFORMATION_FORMAT = "dwarf-with-dsym";
				ENABLE_NS_ASSERTIONS = NO;
				ENABLE_STRICT_OBJC_MSGSEND = YES;
				GCC_C_LANGUAGE_STANDARD = gnu99;
				GCC_NO_COMMON_BLOCKS = YES;
				GCC_WARN_64_TO_32_BIT_CONVERSION = YES;
				GCC_WARN_ABOUT_RETURN_TYPE = YES_ERROR;
				GCC_WARN_UNDECLARED_SELECTOR = YES;
				GCC_WARN_UNINITIALIZED_AUTOS = YES_AGGRESSIVE;
				GCC_WARN_UNUSED_FUNCTION = YES;
				GCC_WARN_UNUSED_VARIABLE = YES;
				IPHONEOS_DEPLOYMENT_TARGET = 9.2;
				MTL_ENABLE_DEBUG_INFO = NO;
				SDKROOT = iphoneos;
				VALIDATE_PRODUCT = YES;
			};
			name = Release;
		};
		4A599A711C7528090028EBB3 /* Debug */ = {
			isa = XCBuildConfiguration;
			buildSettings = {
				ASSETCATALOG_COMPILER_APPICON_NAME = AppIcon;
				INFOPLIST_FILE = First_Mate/Info.plist;
				LD_RUNPATH_SEARCH_PATHS = "$(inherited) @executable_path/Frameworks";
				PRODUCT_BUNDLE_IDENTIFIER = "org.socsd.compsciclub.First-Mate";
				PRODUCT_NAME = "$(TARGET_NAME)";
			};
			name = Debug;
		};
		4A599A721C7528090028EBB3 /* Release */ = {
			isa = XCBuildConfiguration;
			buildSettings = {
				ASSETCATALOG_COMPILER_APPICON_NAME = AppIcon;
				INFOPLIST_FILE = First_Mate/Info.plist;
				LD_RUNPATH_SEARCH_PATHS = "$(inherited) @executable_path/Frameworks";
				PRODUCT_BUNDLE_IDENTIFIER = "org.socsd.compsciclub.First-Mate";
				PRODUCT_NAME = "$(TARGET_NAME)";
			};
			name = Release;
		};
		4A599A741C7528090028EBB3 /* Debug */ = {
			isa = XCBuildConfiguration;
			buildSettings = {
				BUNDLE_LOADER = "$(TEST_HOST)";
				INFOPLIST_FILE = First_MateTests/Info.plist;
				LD_RUNPATH_SEARCH_PATHS = "$(inherited) @executable_path/Frameworks @loader_path/Frameworks";
				PRODUCT_BUNDLE_IDENTIFIER = "org.socsd.compsciclub.First-MateTests";
				PRODUCT_NAME = "$(TARGET_NAME)";
				TEST_HOST = "$(BUILT_PRODUCTS_DIR)/First_Mate.app/First_Mate";
			};
			name = Debug;
		};
		4A599A751C7528090028EBB3 /* Release */ = {
			isa = XCBuildConfiguration;
			buildSettings = {
				BUNDLE_LOADER = "$(TEST_HOST)";
				INFOPLIST_FILE = First_MateTests/Info.plist;
				LD_RUNPATH_SEARCH_PATHS = "$(inherited) @executable_path/Frameworks @loader_path/Frameworks";
				PRODUCT_BUNDLE_IDENTIFIER = "org.socsd.compsciclub.First-MateTests";
				PRODUCT_NAME = "$(TARGET_NAME)";
				TEST_HOST = "$(BUILT_PRODUCTS_DIR)/First_Mate.app/First_Mate";
			};
			name = Release;
		};
		4A599A771C7528090028EBB3 /* Debug */ = {
			isa = XCBuildConfiguration;
			buildSettings = {
				INFOPLIST_FILE = First_MateUITests/Info.plist;
				LD_RUNPATH_SEARCH_PATHS = "$(inherited) @executable_path/Frameworks @loader_path/Frameworks";
				PRODUCT_BUNDLE_IDENTIFIER = "org.socsd.compsciclub.First-MateUITests";
				PRODUCT_NAME = "$(TARGET_NAME)";
				TEST_TARGET_NAME = First_Mate;
				USES_XCTRUNNER = YES;
			};
			name = Debug;
		};
		4A599A781C7528090028EBB3 /* Release */ = {
			isa = XCBuildConfiguration;
			buildSettings = {
				INFOPLIST_FILE = First_MateUITests/Info.plist;
				LD_RUNPATH_SEARCH_PATHS = "$(inherited) @executable_path/Frameworks @loader_path/Frameworks";
				PRODUCT_BUNDLE_IDENTIFIER = "org.socsd.compsciclub.First-MateUITests";
				PRODUCT_NAME = "$(TARGET_NAME)";
				TEST_TARGET_NAME = First_Mate;
				USES_XCTRUNNER = YES;
			};
			name = Release;
		};
/* End XCBuildConfiguration section */

/* Begin XCConfigurationList section */
		4A599A411C7528080028EBB3 /* Build configuration list for PBXProject "First_Mate" */ = {
			isa = XCConfigurationList;
			buildConfigurations = (
				4A599A6E1C7528090028EBB3 /* Debug */,
				4A599A6F1C7528090028EBB3 /* Release */,
			);
			defaultConfigurationIsVisible = 0;
			defaultConfigurationName = Release;
		};
		4A599A701C7528090028EBB3 /* Build configuration list for PBXNativeTarget "First_Mate" */ = {
			isa = XCConfigurationList;
			buildConfigurations = (
				4A599A711C7528090028EBB3 /* Debug */,
				4A599A721C7528090028EBB3 /* Release */,
			);
			defaultConfigurationIsVisible = 0;
		};
		4A599A731C7528090028EBB3 /* Build configuration list for PBXNativeTarget "First_MateTests" */ = {
			isa = XCConfigurationList;
			buildConfigurations = (
				4A599A741C7528090028EBB3 /* Debug */,
				4A599A751C7528090028EBB3 /* Release */,
			);
			defaultConfigurationIsVisible = 0;
		};
		4A599A761C7528090028EBB3 /* Build configuration list for PBXNativeTarget "First_MateUITests" */ = {
			isa = XCConfigurationList;
			buildConfigurations = (
				4A599A771C7528090028EBB3 /* Debug */,
				4A599A781C7528090028EBB3 /* Release */,
			);
			defaultConfigurationIsVisible = 0;
		};
/* End XCConfigurationList section */
	};
	rootObject = 4A599A3E1C7528080028EBB3 /* Project object */;
}
